
Microsoft Visual Studio Solution File, Format Version 12.00
# Visual Studio Version 17
VisualStudioVersion = 17.0.31903.59
MinimumVisualStudioVersion = 10.0.40219.1
Project("{FAE04EC0-301F-11D3-BF4B-00C04F79EFBC}") = "Deveel.Messaging.Abstractions", "src\Deveel.Messaging.Abstractions\Deveel.Messaging.Abstractions.csproj", "{028734B4-970F-C926-101D-2589A1414420}"
EndProject
Project("{FAE04EC0-301F-11D3-BF4B-00C04F79EFBC}") = "Deveel.Messaging.Connector.Abstractions", "src\Deveel.Messaging.Connector.Abstractions\Deveel.Messaging.Connector.Abstractions.csproj", "{6595BD22-11FF-410F-9AAE-3B8440ED9D02}"
EndProject
Project("{2150E333-8FDC-42A3-9474-1A3956D46DE8}") = "test", "test", "{02EA681E-C7D8-13C7-8484-4AC65E1B71E8}"
	ProjectSection(SolutionItems) = preProject
		test\Directory.Build.props = test\Directory.Build.props
	EndProjectSection
EndProject
Project("{FAE04EC0-301F-11D3-BF4B-00C04F79EFBC}") = "Deveel.Messaging.Abstrations.XUnit", "test\Deveel.Messaging.Abstrations.XUnit\Deveel.Messaging.Abstrations.XUnit.csproj", "{1AEF73AA-ED79-47EC-849C-C074B96DB429}"
EndProject
Project("{2150E333-8FDC-42A3-9474-1A3956D46DE8}") = "src", "src", "{0F91077D-AC47-4319-96FF-09CA6EE50CC6}"
	ProjectSection(SolutionItems) = preProject
		src\Directory.Build.props = src\Directory.Build.props
	EndProjectSection
EndProject
Project("{FAE04EC0-301F-11D3-BF4B-00C04F79EFBC}") = "Deveel.Messaging.Connector.Abstractions.XUnit", "test\Deveel.Messaging.Connector.Abstractions.XUnit\Deveel.Messaging.Connector.Abstractions.XUnit.csproj", "{82E69A88-5CC5-14D6-7B53-49AC0C426B4E}"
EndProject
Project("{FAE04EC0-301F-11D3-BF4B-00C04F79EFBC}") = "Deveel.Messaging.Connector.Twilio", "src\Deveel.Messaging.Connector.Twilio\Deveel.Messaging.Connector.Twilio.csproj", "{CA2F7FC9-8687-E717-9C28-8BFC7974EB50}"
EndProject
Project("{FAE04EC0-301F-11D3-BF4B-00C04F79EFBC}") = "Deveel.Messaging.Connector.Twilio.XUnit", "test\Deveel.Messaging.Connector.Twilio.XUnit\Deveel.Messaging.Connector.Twilio.XUnit.csproj", "{29B04B95-B476-6906-729A-D74BBB3216D5}"
EndProject
Project("{FAE04EC0-301F-11D3-BF4B-00C04F79EFBC}") = "Deveel.Messaging.Connector.Sendgrid.XUnit", "test\Deveel.Messaging.Connector.Sendgrid.XUnit\Deveel.Messaging.Connector.Sendgrid.XUnit.csproj", "{DBF2F766-0207-DA49-967C-AA3E9D547A69}"
EndProject
Project("{FAE04EC0-301F-11D3-BF4B-00C04F79EFBC}") = "Deveel.Messaging.Connector.Sendgrid", "src\Deveel.Messaging.Connector.Sendgrid\Deveel.Messaging.Connector.Sendgrid.csproj", "{19DE628A-AB50-F558-4124-894C4EDAB123}"
EndProject
Project("{FAE04EC0-301F-11D3-BF4B-00C04F79EFBC}") = "Deveel.Messaging.Connectors", "src\Deveel.Messaging.Connectors\Deveel.Messaging.Connectors.csproj", "{1DFDB54F-8522-4804-92EB-7C7E403D3576}"
EndProject
Project("{FAE04EC0-301F-11D3-BF4B-00C04F79EFBC}") = "Deveel.Messaging.Connectors.XUnit", "test\Deveel.Messaging.Connectors.XUnit\Deveel.Messaging.Connectors.XUnit.csproj", "{99577C80-2B4C-47DD-A274-788A5CF86B68}"
EndProject
Project("{FAE04EC0-301F-11D3-BF4B-00C04F79EFBC}") = "Deveel.Messaging.Connector.Firebase", "src\Deveel.Messaging.Connector.Firebase\Deveel.Messaging.Connector.Firebase.csproj", "{3931E0C7-2B09-5C0A-1EDF-1EB97A545F93}"
EndProject
Project("{FAE04EC0-301F-11D3-BF4B-00C04F79EFBC}") = "Deveel.Messaging.Connector.Firebase.XUnit", "test\Deveel.Messaging.Connector.Firebase.XUnit\Deveel.Messaging.Connector.Firebase.XUnit.csproj", "{FAA38244-1DFE-A70C-4F12-3012E65A9779}"
EndProject
Project("{FAE04EC0-301F-11D3-BF4B-00C04F79EFBC}") = "Deveel.Messaging.Connector.Facebook", "src\Deveel.Messaging.Connector.Facebook\Deveel.Messaging.Connector.Facebook.csproj", "{BAA0E8C8-0BAF-3908-4ACE-48FCDDB9BD26}"
EndProject
Project("{FAE04EC0-301F-11D3-BF4B-00C04F79EFBC}") = "Deveel.Messaging.Connector.Facebook.XUnit", "test\Deveel.Messaging.Connector.Facebook.XUnit\Deveel.Messaging.Connector.Facebook.XUnit.csproj", "{6DE730ED-C03C-7F63-E5C3-06920CD5B0FE}"
EndProject
Project("{FAE04EC0-301F-11D3-BF4B-00C04F79EFBC}") = "Deveel.Messaging.Connector.Telegram", "src\Deveel.Messaging.Connector.Telegram\Deveel.Messaging.Connector.Telegram.csproj", "{7AB2FDCA-D49E-0329-5707-469617078EB8}"
EndProject
Project("{FAE04EC0-301F-11D3-BF4B-00C04F79EFBC}") = "Deveel.Messaging.Connector.Telegram.XUnit", "test\Deveel.Messaging.Connector.Telegram.XUnit\Deveel.Messaging.Connector.Telegram.XUnit.csproj", "{D6BAA05A-DB2C-5209-2E20-6A6BBCE22BC8}"
EndProject
Project("{FAE04EC0-301F-11D3-BF4B-00C04F79EFBC}") = "Deeveel.Messaging.Connectors.XUnit", "test\Deeveel.Messaging.Connectors.XUnit\Deeveel.Messaging.Connectors.XUnit.csproj", "{AFD255F4-767A-409A-9435-0059530D83A2}"
EndProject
Global
	GlobalSection(SolutionConfigurationPlatforms) = preSolution
		Debug|Any CPU = Debug|Any CPU
		Debug|x64 = Debug|x64
		Debug|x86 = Debug|x86
		Release|Any CPU = Release|Any CPU
		Release|x64 = Release|x64
		Release|x86 = Release|x86
	EndGlobalSection
	GlobalSection(ProjectConfigurationPlatforms) = postSolution
		{028734B4-970F-C926-101D-2589A1414420}.Debug|Any CPU.ActiveCfg = Debug|Any CPU
		{028734B4-970F-C926-101D-2589A1414420}.Debug|Any CPU.Build.0 = Debug|Any CPU
		{028734B4-970F-C926-101D-2589A1414420}.Debug|x64.ActiveCfg = Debug|Any CPU
		{028734B4-970F-C926-101D-2589A1414420}.Debug|x64.Build.0 = Debug|Any CPU
		{028734B4-970F-C926-101D-2589A1414420}.Debug|x86.ActiveCfg = Debug|Any CPU
		{028734B4-970F-C926-101D-2589A1414420}.Debug|x86.Build.0 = Debug|Any CPU
		{028734B4-970F-C926-101D-2589A1414420}.Release|Any CPU.ActiveCfg = Release|Any CPU
		{028734B4-970F-C926-101D-2589A1414420}.Release|Any CPU.Build.0 = Release|Any CPU
		{028734B4-970F-C926-101D-2589A1414420}.Release|x64.ActiveCfg = Release|Any CPU
		{028734B4-970F-C926-101D-2589A1414420}.Release|x64.Build.0 = Release|Any CPU
		{028734B4-970F-C926-101D-2589A1414420}.Release|x86.ActiveCfg = Release|Any CPU
		{028734B4-970F-C926-101D-2589A1414420}.Release|x86.Build.0 = Release|Any CPU
		{6595BD22-11FF-410F-9AAE-3B8440ED9D02}.Debug|Any CPU.ActiveCfg = Debug|Any CPU
		{6595BD22-11FF-410F-9AAE-3B8440ED9D02}.Debug|Any CPU.Build.0 = Debug|Any CPU
		{6595BD22-11FF-410F-9AAE-3B8440ED9D02}.Debug|x64.ActiveCfg = Debug|Any CPU
		{6595BD22-11FF-410F-9AAE-3B8440ED9D02}.Debug|x64.Build.0 = Debug|Any CPU
		{6595BD22-11FF-410F-9AAE-3B8440ED9D02}.Debug|x86.ActiveCfg = Debug|Any CPU
		{6595BD22-11FF-410F-9AAE-3B8440ED9D02}.Debug|x86.Build.0 = Debug|Any CPU
		{6595BD22-11FF-410F-9AAE-3B8440ED9D02}.Release|Any CPU.ActiveCfg = Release|Any CPU
		{6595BD22-11FF-410F-9AAE-3B8440ED9D02}.Release|Any CPU.Build.0 = Release|Any CPU
		{6595BD22-11FF-410F-9AAE-3B8440ED9D02}.Release|x64.ActiveCfg = Release|Any CPU
		{6595BD22-11FF-410F-9AAE-3B8440ED9D02}.Release|x64.Build.0 = Release|Any CPU
		{6595BD22-11FF-410F-9AAE-3B8440ED9D02}.Release|x86.ActiveCfg = Release|Any CPU
		{6595BD22-11FF-410F-9AAE-3B8440ED9D02}.Release|x86.Build.0 = Release|Any CPU
		{1AEF73AA-ED79-47EC-849C-C074B96DB429}.Debug|Any CPU.ActiveCfg = Debug|Any CPU
		{1AEF73AA-ED79-47EC-849C-C074B96DB429}.Debug|Any CPU.Build.0 = Debug|Any CPU
		{1AEF73AA-ED79-47EC-849C-C074B96DB429}.Debug|x64.ActiveCfg = Debug|Any CPU
		{1AEF73AA-ED79-47EC-849C-C074B96DB429}.Debug|x64.Build.0 = Debug|Any CPU
		{1AEF73AA-ED79-47EC-849C-C074B96DB429}.Debug|x86.ActiveCfg = Debug|Any CPU
		{1AEF73AA-ED79-47EC-849C-C074B96DB429}.Debug|x86.Build.0 = Debug|Any CPU
		{1AEF73AA-ED79-47EC-849C-C074B96DB429}.Release|Any CPU.ActiveCfg = Release|Any CPU
		{1AEF73AA-ED79-47EC-849C-C074B96DB429}.Release|Any CPU.Build.0 = Release|Any CPU
		{1AEF73AA-ED79-47EC-849C-C074B96DB429}.Release|x64.ActiveCfg = Release|Any CPU
		{1AEF73AA-ED79-47EC-849C-C074B96DB429}.Release|x64.Build.0 = Release|Any CPU
		{1AEF73AA-ED79-47EC-849C-C074B96DB429}.Release|x86.ActiveCfg = Release|Any CPU
		{1AEF73AA-ED79-47EC-849C-C074B96DB429}.Release|x86.Build.0 = Release|Any CPU
		{82E69A88-5CC5-14D6-7B53-49AC0C426B4E}.Debug|Any CPU.ActiveCfg = Debug|Any CPU
		{82E69A88-5CC5-14D6-7B53-49AC0C426B4E}.Debug|Any CPU.Build.0 = Debug|Any CPU
		{82E69A88-5CC5-14D6-7B53-49AC0C426B4E}.Debug|x64.ActiveCfg = Debug|Any CPU
		{82E69A88-5CC5-14D6-7B53-49AC0C426B4E}.Debug|x64.Build.0 = Debug|Any CPU
		{82E69A88-5CC5-14D6-7B53-49AC0C426B4E}.Debug|x86.ActiveCfg = Debug|Any CPU
		{82E69A88-5CC5-14D6-7B53-49AC0C426B4E}.Debug|x86.Build.0 = Debug|Any CPU
		{82E69A88-5CC5-14D6-7B53-49AC0C426B4E}.Release|Any CPU.ActiveCfg = Release|Any CPU
		{82E69A88-5CC5-14D6-7B53-49AC0C426B4E}.Release|Any CPU.Build.0 = Release|Any CPU
		{82E69A88-5CC5-14D6-7B53-49AC0C426B4E}.Release|x64.ActiveCfg = Release|Any CPU
		{82E69A88-5CC5-14D6-7B53-49AC0C426B4E}.Release|x64.Build.0 = Release|Any CPU
		{82E69A88-5CC5-14D6-7B53-49AC0C426B4E}.Release|x86.ActiveCfg = Release|Any CPU
		{82E69A88-5CC5-14D6-7B53-49AC0C426B4E}.Release|x86.Build.0 = Release|Any CPU
		{CA2F7FC9-8687-E717-9C28-8BFC7974EB50}.Debug|Any CPU.ActiveCfg = Debug|Any CPU
		{CA2F7FC9-8687-E717-9C28-8BFC7974EB50}.Debug|Any CPU.Build.0 = Debug|Any CPU
		{CA2F7FC9-8687-E717-9C28-8BFC7974EB50}.Debug|x64.ActiveCfg = Debug|Any CPU
		{CA2F7FC9-8687-E717-9C28-8BFC7974EB50}.Debug|x64.Build.0 = Debug|Any CPU
		{CA2F7FC9-8687-E717-9C28-8BFC7974EB50}.Debug|x86.ActiveCfg = Debug|Any CPU
		{CA2F7FC9-8687-E717-9C28-8BFC7974EB50}.Debug|x86.Build.0 = Debug|Any CPU
		{CA2F7FC9-8687-E717-9C28-8BFC7974EB50}.Release|Any CPU.ActiveCfg = Release|Any CPU
		{CA2F7FC9-8687-E717-9C28-8BFC7974EB50}.Release|Any CPU.Build.0 = Release|Any CPU
		{CA2F7FC9-8687-E717-9C28-8BFC7974EB50}.Release|x64.ActiveCfg = Release|Any CPU
		{CA2F7FC9-8687-E717-9C28-8BFC7974EB50}.Release|x64.Build.0 = Release|Any CPU
		{CA2F7FC9-8687-E717-9C28-8BFC7974EB50}.Release|x86.ActiveCfg = Release|Any CPU
		{CA2F7FC9-8687-E717-9C28-8BFC7974EB50}.Release|x86.Build.0 = Release|Any CPU
		{29B04B95-B476-6906-729A-D74BBB3216D5}.Debug|Any CPU.ActiveCfg = Debug|Any CPU
		{29B04B95-B476-6906-729A-D74BBB3216D5}.Debug|Any CPU.Build.0 = Debug|Any CPU
		{29B04B95-B476-6906-729A-D74BBB3216D5}.Debug|x64.ActiveCfg = Debug|Any CPU
		{29B04B95-B476-6906-729A-D74BBB3216D5}.Debug|x64.Build.0 = Debug|Any CPU
		{29B04B95-B476-6906-729A-D74BBB3216D5}.Debug|x86.ActiveCfg = Debug|Any CPU
		{29B04B95-B476-6906-729A-D74BBB3216D5}.Debug|x86.Build.0 = Debug|Any CPU
		{29B04B95-B476-6906-729A-D74BBB3216D5}.Release|Any CPU.ActiveCfg = Release|Any CPU
		{29B04B95-B476-6906-729A-D74BBB3216D5}.Release|Any CPU.Build.0 = Release|Any CPU
		{29B04B95-B476-6906-729A-D74BBB3216D5}.Release|x64.ActiveCfg = Release|Any CPU
		{29B04B95-B476-6906-729A-D74BBB3216D5}.Release|x64.Build.0 = Release|Any CPU
		{29B04B95-B476-6906-729A-D74BBB3216D5}.Release|x86.ActiveCfg = Release|Any CPU
		{29B04B95-B476-6906-729A-D74BBB3216D5}.Release|x86.Build.0 = Release|Any CPU
		{DBF2F766-0207-DA49-967C-AA3E9D547A69}.Debug|Any CPU.ActiveCfg = Debug|Any CPU
		{DBF2F766-0207-DA49-967C-AA3E9D547A69}.Debug|Any CPU.Build.0 = Debug|Any CPU
		{DBF2F766-0207-DA49-967C-AA3E9D547A69}.Debug|x64.ActiveCfg = Debug|Any CPU
		{DBF2F766-0207-DA49-967C-AA3E9D547A69}.Debug|x64.Build.0 = Debug|Any CPU
		{DBF2F766-0207-DA49-967C-AA3E9D547A69}.Debug|x86.ActiveCfg = Debug|Any CPU
		{DBF2F766-0207-DA49-967C-AA3E9D547A69}.Debug|x86.Build.0 = Debug|Any CPU
		{DBF2F766-0207-DA49-967C-AA3E9D547A69}.Release|Any CPU.ActiveCfg = Release|Any CPU
		{DBF2F766-0207-DA49-967C-AA3E9D547A69}.Release|Any CPU.Build.0 = Release|Any CPU
		{DBF2F766-0207-DA49-967C-AA3E9D547A69}.Release|x64.ActiveCfg = Release|Any CPU
		{DBF2F766-0207-DA49-967C-AA3E9D547A69}.Release|x64.Build.0 = Release|Any CPU
		{DBF2F766-0207-DA49-967C-AA3E9D547A69}.Release|x86.ActiveCfg = Release|Any CPU
		{DBF2F766-0207-DA49-967C-AA3E9D547A69}.Release|x86.Build.0 = Release|Any CPU
		{19DE628A-AB50-F558-4124-894C4EDAB123}.Debug|Any CPU.ActiveCfg = Debug|Any CPU
		{19DE628A-AB50-F558-4124-894C4EDAB123}.Debug|Any CPU.Build.0 = Debug|Any CPU
		{19DE628A-AB50-F558-4124-894C4EDAB123}.Debug|x64.ActiveCfg = Debug|Any CPU
		{19DE628A-AB50-F558-4124-894C4EDAB123}.Debug|x64.Build.0 = Debug|Any CPU
		{19DE628A-AB50-F558-4124-894C4EDAB123}.Debug|x86.ActiveCfg = Debug|Any CPU
		{19DE628A-AB50-F558-4124-894C4EDAB123}.Debug|x86.Build.0 = Debug|Any CPU
		{19DE628A-AB50-F558-4124-894C4EDAB123}.Release|Any CPU.ActiveCfg = Release|Any CPU
		{19DE628A-AB50-F558-4124-894C4EDAB123}.Release|Any CPU.Build.0 = Release|Any CPU
		{19DE628A-AB50-F558-4124-894C4EDAB123}.Release|x64.ActiveCfg = Release|Any CPU
		{19DE628A-AB50-F558-4124-894C4EDAB123}.Release|x64.Build.0 = Release|Any CPU
		{19DE628A-AB50-F558-4124-894C4EDAB123}.Release|x86.ActiveCfg = Release|Any CPU
		{19DE628A-AB50-F558-4124-894C4EDAB123}.Release|x86.Build.0 = Release|Any CPU
		{1DFDB54F-8522-4804-92EB-7C7E403D3576}.Debug|Any CPU.ActiveCfg = Debug|Any CPU
		{1DFDB54F-8522-4804-92EB-7C7E403D3576}.Debug|Any CPU.Build.0 = Debug|Any CPU
		{1DFDB54F-8522-4804-92EB-7C7E403D3576}.Debug|x64.ActiveCfg = Debug|Any CPU
		{1DFDB54F-8522-4804-92EB-7C7E403D3576}.Debug|x64.Build.0 = Debug|Any CPU
		{1DFDB54F-8522-4804-92EB-7C7E403D3576}.Debug|x86.ActiveCfg = Debug|Any CPU
		{1DFDB54F-8522-4804-92EB-7C7E403D3576}.Debug|x86.Build.0 = Debug|Any CPU
		{1DFDB54F-8522-4804-92EB-7C7E403D3576}.Release|Any CPU.ActiveCfg = Release|Any CPU
		{1DFDB54F-8522-4804-92EB-7C7E403D3576}.Release|Any CPU.Build.0 = Release|Any CPU
		{1DFDB54F-8522-4804-92EB-7C7E403D3576}.Release|x64.ActiveCfg = Release|Any CPU
		{1DFDB54F-8522-4804-92EB-7C7E403D3576}.Release|x64.Build.0 = Release|Any CPU
		{1DFDB54F-8522-4804-92EB-7C7E403D3576}.Release|x86.ActiveCfg = Release|Any CPU
		{1DFDB54F-8522-4804-92EB-7C7E403D3576}.Release|x86.Build.0 = Release|Any CPU
		{99577C80-2B4C-47DD-A274-788A5CF86B68}.Debug|Any CPU.ActiveCfg = Debug|Any CPU
		{99577C80-2B4C-47DD-A274-788A5CF86B68}.Debug|Any CPU.Build.0 = Debug|Any CPU
		{99577C80-2B4C-47DD-A274-788A5CF86B68}.Debug|x64.ActiveCfg = Debug|Any CPU
		{99577C80-2B4C-47DD-A274-788A5CF86B68}.Debug|x64.Build.0 = Debug|Any CPU
		{99577C80-2B4C-47DD-A274-788A5CF86B68}.Debug|x86.ActiveCfg = Debug|Any CPU
		{99577C80-2B4C-47DD-A274-788A5CF86B68}.Debug|x86.Build.0 = Debug|Any CPU
		{99577C80-2B4C-47DD-A274-788A5CF86B68}.Release|Any CPU.ActiveCfg = Release|Any CPU
		{99577C80-2B4C-47DD-A274-788A5CF86B68}.Release|Any CPU.Build.0 = Release|Any CPU
		{99577C80-2B4C-47DD-A274-788A5CF86B68}.Release|x64.ActiveCfg = Release|Any CPU
		{99577C80-2B4C-47DD-A274-788A5CF86B68}.Release|x64.Build.0 = Release|Any CPU
		{99577C80-2B4C-47DD-A274-788A5CF86B68}.Release|x86.ActiveCfg = Release|Any CPU
		{99577C80-2B4C-47DD-A274-788A5CF86B68}.Release|x86.Build.0 = Release|Any CPU
		{3931E0C7-2B09-5C0A-1EDF-1EB97A545F93}.Debug|Any CPU.ActiveCfg = Debug|Any CPU
		{3931E0C7-2B09-5C0A-1EDF-1EB97A545F93}.Debug|Any CPU.Build.0 = Debug|Any CPU
		{3931E0C7-2B09-5C0A-1EDF-1EB97A545F93}.Debug|x64.ActiveCfg = Debug|Any CPU
		{3931E0C7-2B09-5C0A-1EDF-1EB97A545F93}.Debug|x64.Build.0 = Debug|Any CPU
		{3931E0C7-2B09-5C0A-1EDF-1EB97A545F93}.Debug|x86.ActiveCfg = Debug|Any CPU
		{3931E0C7-2B09-5C0A-1EDF-1EB97A545F93}.Debug|x86.Build.0 = Debug|Any CPU
		{3931E0C7-2B09-5C0A-1EDF-1EB97A545F93}.Release|Any CPU.ActiveCfg = Release|Any CPU
		{3931E0C7-2B09-5C0A-1EDF-1EB97A545F93}.Release|Any CPU.Build.0 = Release|Any CPU
		{3931E0C7-2B09-5C0A-1EDF-1EB97A545F93}.Release|x64.ActiveCfg = Release|Any CPU
		{3931E0C7-2B09-5C0A-1EDF-1EB97A545F93}.Release|x64.Build.0 = Release|Any CPU
		{3931E0C7-2B09-5C0A-1EDF-1EB97A545F93}.Release|x86.ActiveCfg = Release|Any CPU
		{3931E0C7-2B09-5C0A-1EDF-1EB97A545F93}.Release|x86.Build.0 = Release|Any CPU
		{FAA38244-1DFE-A70C-4F12-3012E65A9779}.Debug|Any CPU.ActiveCfg = Debug|Any CPU
		{FAA38244-1DFE-A70C-4F12-3012E65A9779}.Debug|Any CPU.Build.0 = Debug|Any CPU
		{FAA38244-1DFE-A70C-4F12-3012E65A9779}.Debug|x64.ActiveCfg = Debug|Any CPU
		{FAA38244-1DFE-A70C-4F12-3012E65A9779}.Debug|x64.Build.0 = Debug|Any CPU
		{FAA38244-1DFE-A70C-4F12-3012E65A9779}.Debug|x86.ActiveCfg = Debug|Any CPU
		{FAA38244-1DFE-A70C-4F12-3012E65A9779}.Debug|x86.Build.0 = Debug|Any CPU
		{FAA38244-1DFE-A70C-4F12-3012E65A9779}.Release|Any CPU.ActiveCfg = Release|Any CPU
		{FAA38244-1DFE-A70C-4F12-3012E65A9779}.Release|Any CPU.Build.0 = Release|Any CPU
		{FAA38244-1DFE-A70C-4F12-3012E65A9779}.Release|x64.ActiveCfg = Release|Any CPU
		{FAA38244-1DFE-A70C-4F12-3012E65A9779}.Release|x64.Build.0 = Release|Any CPU
		{FAA38244-1DFE-A70C-4F12-3012E65A9779}.Release|x86.ActiveCfg = Release|Any CPU
		{FAA38244-1DFE-A70C-4F12-3012E65A9779}.Release|x86.Build.0 = Release|Any CPU
		{BAA0E8C8-0BAF-3908-4ACE-48FCDDB9BD26}.Debug|Any CPU.ActiveCfg = Debug|Any CPU
		{BAA0E8C8-0BAF-3908-4ACE-48FCDDB9BD26}.Debug|Any CPU.Build.0 = Debug|Any CPU
		{BAA0E8C8-0BAF-3908-4ACE-48FCDDB9BD26}.Debug|x64.ActiveCfg = Debug|Any CPU
		{BAA0E8C8-0BAF-3908-4ACE-48FCDDB9BD26}.Debug|x64.Build.0 = Debug|Any CPU
		{BAA0E8C8-0BAF-3908-4ACE-48FCDDB9BD26}.Debug|x86.ActiveCfg = Debug|Any CPU
		{BAA0E8C8-0BAF-3908-4ACE-48FCDDB9BD26}.Debug|x86.Build.0 = Debug|Any CPU
		{BAA0E8C8-0BAF-3908-4ACE-48FCDDB9BD26}.Release|Any CPU.ActiveCfg = Release|Any CPU
		{BAA0E8C8-0BAF-3908-4ACE-48FCDDB9BD26}.Release|Any CPU.Build.0 = Release|Any CPU
		{BAA0E8C8-0BAF-3908-4ACE-48FCDDB9BD26}.Release|x64.ActiveCfg = Release|Any CPU
		{BAA0E8C8-0BAF-3908-4ACE-48FCDDB9BD26}.Release|x64.Build.0 = Release|Any CPU
		{BAA0E8C8-0BAF-3908-4ACE-48FCDDB9BD26}.Release|x86.ActiveCfg = Release|Any CPU
		{BAA0E8C8-0BAF-3908-4ACE-48FCDDB9BD26}.Release|x86.Build.0 = Release|Any CPU
		{6DE730ED-C03C-7F63-E5C3-06920CD5B0FE}.Debug|Any CPU.ActiveCfg = Debug|Any CPU
		{6DE730ED-C03C-7F63-E5C3-06920CD5B0FE}.Debug|Any CPU.Build.0 = Debug|Any CPU
		{6DE730ED-C03C-7F63-E5C3-06920CD5B0FE}.Debug|x64.ActiveCfg = Debug|Any CPU
		{6DE730ED-C03C-7F63-E5C3-06920CD5B0FE}.Debug|x64.Build.0 = Debug|Any CPU
		{6DE730ED-C03C-7F63-E5C3-06920CD5B0FE}.Debug|x86.ActiveCfg = Debug|Any CPU
		{6DE730ED-C03C-7F63-E5C3-06920CD5B0FE}.Debug|x86.Build.0 = Debug|Any CPU
		{6DE730ED-C03C-7F63-E5C3-06920CD5B0FE}.Release|Any CPU.ActiveCfg = Release|Any CPU
		{6DE730ED-C03C-7F63-E5C3-06920CD5B0FE}.Release|Any CPU.Build.0 = Release|Any CPU
		{6DE730ED-C03C-7F63-E5C3-06920CD5B0FE}.Release|x64.ActiveCfg = Release|Any CPU
		{6DE730ED-C03C-7F63-E5C3-06920CD5B0FE}.Release|x64.Build.0 = Release|Any CPU
		{6DE730ED-C03C-7F63-E5C3-06920CD5B0FE}.Release|x86.ActiveCfg = Release|Any CPU
		{6DE730ED-C03C-7F63-E5C3-06920CD5B0FE}.Release|x86.Build.0 = Release|Any CPU
		{7AB2FDCA-D49E-0329-5707-469617078EB8}.Debug|Any CPU.ActiveCfg = Debug|Any CPU
		{7AB2FDCA-D49E-0329-5707-469617078EB8}.Debug|Any CPU.Build.0 = Debug|Any CPU
		{7AB2FDCA-D49E-0329-5707-469617078EB8}.Debug|x64.ActiveCfg = Debug|Any CPU
		{7AB2FDCA-D49E-0329-5707-469617078EB8}.Debug|x64.Build.0 = Debug|Any CPU
		{7AB2FDCA-D49E-0329-5707-469617078EB8}.Debug|x86.ActiveCfg = Debug|Any CPU
		{7AB2FDCA-D49E-0329-5707-469617078EB8}.Debug|x86.Build.0 = Debug|Any CPU
		{7AB2FDCA-D49E-0329-5707-469617078EB8}.Release|Any CPU.ActiveCfg = Release|Any CPU
		{7AB2FDCA-D49E-0329-5707-469617078EB8}.Release|Any CPU.Build.0 = Release|Any CPU
		{7AB2FDCA-D49E-0329-5707-469617078EB8}.Release|x64.ActiveCfg = Release|Any CPU
		{7AB2FDCA-D49E-0329-5707-469617078EB8}.Release|x64.Build.0 = Release|Any CPU
		{7AB2FDCA-D49E-0329-5707-469617078EB8}.Release|x86.ActiveCfg = Release|Any CPU
		{7AB2FDCA-D49E-0329-5707-469617078EB8}.Release|x86.Build.0 = Release|Any CPU
		{D6BAA05A-DB2C-5209-2E20-6A6BBCE22BC8}.Debug|Any CPU.ActiveCfg = Debug|Any CPU
		{D6BAA05A-DB2C-5209-2E20-6A6BBCE22BC8}.Debug|Any CPU.Build.0 = Debug|Any CPU
		{D6BAA05A-DB2C-5209-2E20-6A6BBCE22BC8}.Debug|x64.ActiveCfg = Debug|Any CPU
		{D6BAA05A-DB2C-5209-2E20-6A6BBCE22BC8}.Debug|x64.Build.0 = Debug|Any CPU
		{D6BAA05A-DB2C-5209-2E20-6A6BBCE22BC8}.Debug|x86.ActiveCfg = Debug|Any CPU
		{D6BAA05A-DB2C-5209-2E20-6A6BBCE22BC8}.Debug|x86.Build.0 = Debug|Any CPU
		{D6BAA05A-DB2C-5209-2E20-6A6BBCE22BC8}.Release|Any CPU.ActiveCfg = Release|Any CPU
		{D6BAA05A-DB2C-5209-2E20-6A6BBCE22BC8}.Release|Any CPU.Build.0 = Release|Any CPU
		{D6BAA05A-DB2C-5209-2E20-6A6BBCE22BC8}.Release|x64.ActiveCfg = Release|Any CPU
		{D6BAA05A-DB2C-5209-2E20-6A6BBCE22BC8}.Release|x64.Build.0 = Release|Any CPU
		{D6BAA05A-DB2C-5209-2E20-6A6BBCE22BC8}.Release|x86.ActiveCfg = Release|Any CPU
		{D6BAA05A-DB2C-5209-2E20-6A6BBCE22BC8}.Release|x86.Build.0 = Release|Any CPU
		{AFD255F4-767A-409A-9435-0059530D83A2}.Debug|Any CPU.ActiveCfg = Debug|Any CPU
		{AFD255F4-767A-409A-9435-0059530D83A2}.Debug|Any CPU.Build.0 = Debug|Any CPU
		{AFD255F4-767A-409A-9435-0059530D83A2}.Debug|x64.ActiveCfg = Debug|Any CPU
		{AFD255F4-767A-409A-9435-0059530D83A2}.Debug|x64.Build.0 = Debug|Any CPU
		{AFD255F4-767A-409A-9435-0059530D83A2}.Debug|x86.ActiveCfg = Debug|Any CPU
		{AFD255F4-767A-409A-9435-0059530D83A2}.Debug|x86.Build.0 = Debug|Any CPU
		{AFD255F4-767A-409A-9435-0059530D83A2}.Release|Any CPU.ActiveCfg = Release|Any CPU
		{AFD255F4-767A-409A-9435-0059530D83A2}.Release|Any CPU.Build.0 = Release|Any CPU
		{AFD255F4-767A-409A-9435-0059530D83A2}.Release|x64.ActiveCfg = Release|Any CPU
		{AFD255F4-767A-409A-9435-0059530D83A2}.Release|x64.Build.0 = Release|Any CPU
		{AFD255F4-767A-409A-9435-0059530D83A2}.Release|x86.ActiveCfg = Release|Any CPU
		{AFD255F4-767A-409A-9435-0059530D83A2}.Release|x86.Build.0 = Release|Any CPU
	EndGlobalSection
	GlobalSection(SolutionProperties) = preSolution
		HideSolutionNode = FALSE
	EndGlobalSection
	GlobalSection(NestedProjects) = preSolution
		{028734B4-970F-C926-101D-2589A1414420} = {0F91077D-AC47-4319-96FF-09CA6EE50CC6}
		{6595BD22-11FF-410F-9AAE-3B8440ED9D02} = {0F91077D-AC47-4319-96FF-09CA6EE50CC6}
		{1AEF73AA-ED79-47EC-849C-C074B96DB429} = {02EA681E-C7D8-13C7-8484-4AC65E1B71E8}
		{82E69A88-5CC5-14D6-7B53-49AC0C426B4E} = {02EA681E-C7D8-13C7-8484-4AC65E1B71E8}
		{CA2F7FC9-8687-E717-9C28-8BFC7974EB50} = {0F91077D-AC47-4319-96FF-09CA6EE50CC6}
		{29B04B95-B476-6906-729A-D74BBB3216D5} = {02EA681E-C7D8-13C7-8484-4AC65E1B71E8}
		{DBF2F766-0207-DA49-967C-AA3E9D547A69} = {02EA681E-C7D8-13C7-8484-4AC65E1B71E8}
		{19DE628A-AB50-F558-4124-894C4EDAB123} = {0F91077D-AC47-4319-96FF-09CA6EE50CC6}
		{1DFDB54F-8522-4804-92EB-7C7E403D3576} = {0F91077D-AC47-4319-96FF-09CA6EE50CC6}
		{99577C80-2B4C-47DD-A274-788A5CF86B68} = {02EA681E-C7D8-13C7-8484-4AC65E1B71E8}
		{3931E0C7-2B09-5C0A-1EDF-1EB97A545F93} = {0F91077D-AC47-4319-96FF-09CA6EE50CC6}
		{FAA38244-1DFE-A70C-4F12-3012E65A9779} = {02EA681E-C7D8-13C7-8484-4AC65E1B71E8}
		{BAA0E8C8-0BAF-3908-4ACE-48FCDDB9BD26} = {0F91077D-AC47-4319-96FF-09CA6EE50CC6}
		{6DE730ED-C03C-7F63-E5C3-06920CD5B0FE} = {02EA681E-C7D8-13C7-8484-4AC65E1B71E8}
		{7AB2FDCA-D49E-0329-5707-469617078EB8} = {0F91077D-AC47-4319-96FF-09CA6EE50CC6}
		{D6BAA05A-DB2C-5209-2E20-6A6BBCE22BC8} = {02EA681E-C7D8-13C7-8484-4AC65E1B71E8}
		{AFD255F4-767A-409A-9435-0059530D83A2} = {02EA681E-C7D8-13C7-8484-4AC65E1B71E8}
	EndGlobalSection
	GlobalSection(ExtensibilityGlobals) = postSolution
		SolutionGuid = {64BF9420-C7A8-4D2B-804F-41EB2E83437F}
	EndGlobalSection
EndGlobal
