
Microsoft Visual Studio Solution File, Format Version 12.00
# Visual Studio Version 17
VisualStudioVersion = 17.0.31903.59
MinimumVisualStudioVersion = 10.0.40219.1
Project("{2150E333-8FDC-42A3-9474-1A3956D46DE8}") = "src", "src", "{A1B2C3D4-E5F6-7890-ABCD-EF1234567890}"
EndProject
Project("{FAE04EC0-301F-11D3-BF4B-00C04F79EFBC}") = "SenderManagerSample", "src\SenderManagerSample\SenderManagerSample.csproj", "{F1E3D5C7-B9A8-406F-B0A1-2C3D4E5F6789}"
EndProject
Project("{2150E333-8FDC-42A3-9474-1A3956D46DE8}") = "framework", "framework", "{B0C1D2E3-F4A5-6789-0BCD-EF1234567890}"
EndProject
Project("{FAE04EC0-301F-11D3-BF4B-00C04F79EFBC}") = "Ratatosk.Abstractions", "..\..\src\Ratatosk.Abstractions\Ratatosk.Abstractions.csproj", "{028734B4-970F-C926-101D-2589A1414420}"
EndProject
Project("{FAE04EC0-301F-11D3-BF4B-00C04F79EFBC}") = "Ratatosk.Connector.Abstractions", "..\..\src\Ratatosk.Connector.Abstractions\Ratatosk.Connector.Abstractions.csproj", "{6595BD22-11FF-410F-9AAE-3B8440ED9D02}"
EndProject
Project("{FAE04EC0-301F-11D3-BF4B-00C04F79EFBC}") = "Ratatosk.Connectors", "..\..\src\Ratatosk.Connectors\Ratatosk.Connectors.csproj", "{1DFDB54F-8522-4804-92EB-7C7E403D3576}"
EndProject
Project("{FAE04EC0-301F-11D3-BF4B-00C04F79EFBC}") = "Ratatosk", "..\..\src\Ratatosk\Ratatosk.csproj", "{E89DB6F7-29B2-455D-B0AE-FB9E41F90B46}"
EndProject
Project("{FAE04EC0-301F-11D3-BF4B-00C04F79EFBC}") = "Ratatosk.Senders", "..\..\src\Ratatosk.Senders\Ratatosk.Senders.csproj", "{A7B8C9D0-E1F2-3456-789A-BCDEF0123456}"
EndProject
Project("{FAE04EC0-301F-11D3-BF4B-00C04F79EFBC}") = "Ratatosk.Senders.InMemory", "..\..\src\Ratatosk.Senders.InMemory\Ratatosk.Senders.InMemory.csproj", "{B8C9D0E1-F2A3-4567-89AB-CDEF01234567}"
EndProject
Project("{FAE04EC0-301F-11D3-BF4B-00C04F79EFBC}") = "Ratatosk.Connector.Sendgrid", "..\..\src\Ratatosk.Sendgrid\Ratatosk.Sendgrid.csproj", "{19DE628A-AB50-F558-4124-894C4EDAB123}"
EndProject
Global
	GlobalSection(SolutionConfigurationPlatforms) = preSolution
		Debug|Any CPU = Debug|Any CPU
		Debug|x64 = Debug|x64
		Debug|x86 = Debug|x86
		Release|Any CPU = Release|Any CPU
		Release|x64 = Release|x64
		Release|x86 = Release|x86
	EndGlobalSection
	GlobalSection(ProjectConfigurationPlatforms) = postSolution
		{F1E3D5C7-B9A8-406F-B0A1-2C3D4E5F6789}.Debug|Any CPU.ActiveCfg = Debug|Any CPU
		{F1E3D5C7-B9A8-406F-B0A1-2C3D4E5F6789}.Debug|Any CPU.Build.0 = Debug|Any CPU
		{F1E3D5C7-B9A8-406F-B0A1-2C3D4E5F6789}.Debug|x64.ActiveCfg = Debug|Any CPU
		{F1E3D5C7-B9A8-406F-B0A1-2C3D4E5F6789}.Debug|x64.Build.0 = Debug|Any CPU
		{F1E3D5C7-B9A8-406F-B0A1-2C3D4E5F6789}.Debug|x86.ActiveCfg = Debug|Any CPU
		{F1E3D5C7-B9A8-406F-B0A1-2C3D4E5F6789}.Debug|x86.Build.0 = Debug|Any CPU
		{F1E3D5C7-B9A8-406F-B0A1-2C3D4E5F6789}.Release|Any CPU.ActiveCfg = Release|Any CPU
		{F1E3D5C7-B9A8-406F-B0A1-2C3D4E5F6789}.Release|Any CPU.Build.0 = Release|Any CPU
		{F1E3D5C7-B9A8-406F-B0A1-2C3D4E5F6789}.Release|x64.ActiveCfg = Release|Any CPU
		{F1E3D5C7-B9A8-406F-B0A1-2C3D4E5F6789}.Release|x64.Build.0 = Release|Any CPU
		{F1E3D5C7-B9A8-406F-B0A1-2C3D4E5F6789}.Release|x86.ActiveCfg = Release|Any CPU
		{F1E3D5C7-B9A8-406F-B0A1-2C3D4E5F6789}.Release|x86.Build.0 = Release|Any CPU
		{028734B4-970F-C926-101D-2589A1414420}.Debug|Any CPU.ActiveCfg = Debug|Any CPU
		{028734B4-970F-C926-101D-2589A1414420}.Debug|Any CPU.Build.0 = Debug|Any CPU
		{028734B4-970F-C926-101D-2589A1414420}.Debug|x64.ActiveCfg = Debug|Any CPU
		{028734B4-970F-C926-101D-2589A1414420}.Debug|x64.Build.0 = Debug|Any CPU
		{028734B4-970F-C926-101D-2589A1414420}.Debug|x86.ActiveCfg = Debug|Any CPU
		{028734B4-970F-C926-101D-2589A1414420}.Debug|x86.Build.0 = Debug|Any CPU
		{028734B4-970F-C926-101D-2589A1414420}.Release|Any CPU.ActiveCfg = Release|Any CPU
		{028734B4-970F-C926-101D-2589A1414420}.Release|Any CPU.Build.0 = Release|Any CPU
		{028734B4-970F-C926-101D-2589A1414420}.Release|x64.ActiveCfg = Release|Any CPU
		{028734B4-970F-C926-101D-2589A1414420}.Release|x64.Build.0 = Release|Any CPU
		{028734B4-970F-C926-101D-2589A1414420}.Release|x86.ActiveCfg = Release|Any CPU
		{028734B4-970F-C926-101D-2589A1414420}.Release|x86.Build.0 = Release|Any CPU
		{6595BD22-11FF-410F-9AAE-3B8440ED9D02}.Debug|Any CPU.ActiveCfg = Debug|Any CPU
		{6595BD22-11FF-410F-9AAE-3B8440ED9D02}.Debug|Any CPU.Build.0 = Debug|Any CPU
		{6595BD22-11FF-410F-9AAE-3B8440ED9D02}.Debug|x64.ActiveCfg = Debug|Any CPU
		{6595BD22-11FF-410F-9AAE-3B8440ED9D02}.Debug|x64.Build.0 = Debug|Any CPU
		{6595BD22-11FF-410F-9AAE-3B8440ED9D02}.Debug|x86.ActiveCfg = Debug|Any CPU
		{6595BD22-11FF-410F-9AAE-3B8440ED9D02}.Debug|x86.Build.0 = Debug|Any CPU
		{6595BD22-11FF-410F-9AAE-3B8440ED9D02}.Release|Any CPU.ActiveCfg = Release|Any CPU
		{6595BD22-11FF-410F-9AAE-3B8440ED9D02}.Release|Any CPU.Build.0 = Release|Any CPU
		{6595BD22-11FF-410F-9AAE-3B8440ED9D02}.Release|x64.ActiveCfg = Release|Any CPU
		{6595BD22-11FF-410F-9AAE-3B8440ED9D02}.Release|x64.Build.0 = Release|Any CPU
		{6595BD22-11FF-410F-9AAE-3B8440ED9D02}.Release|x86.ActiveCfg = Release|Any CPU
		{6595BD22-11FF-410F-9AAE-3B8440ED9D02}.Release|x86.Build.0 = Release|Any CPU
		{1DFDB54F-8522-4804-92EB-7C7E403D3576}.Debug|Any CPU.ActiveCfg = Debug|Any CPU
		{1DFDB54F-8522-4804-92EB-7C7E403D3576}.Debug|Any CPU.Build.0 = Debug|Any CPU
		{1DFDB54F-8522-4804-92EB-7C7E403D3576}.Debug|x64.ActiveCfg = Debug|Any CPU
		{1DFDB54F-8522-4804-92EB-7C7E403D3576}.Debug|x64.Build.0 = Debug|Any CPU
		{1DFDB54F-8522-4804-92EB-7C7E403D3576}.Debug|x86.ActiveCfg = Debug|Any CPU
		{1DFDB54F-8522-4804-92EB-7C7E403D3576}.Debug|x86.Build.0 = Debug|Any CPU
		{1DFDB54F-8522-4804-92EB-7C7E403D3576}.Release|Any CPU.ActiveCfg = Release|Any CPU
		{1DFDB54F-8522-4804-92EB-7C7E403D3576}.Release|Any CPU.Build.0 = Release|Any CPU
		{1DFDB54F-8522-4804-92EB-7C7E403D3576}.Release|x64.ActiveCfg = Release|Any CPU
		{1DFDB54F-8522-4804-92EB-7C7E403D3576}.Release|x64.Build.0 = Release|Any CPU
		{1DFDB54F-8522-4804-92EB-7C7E403D3576}.Release|x86.ActiveCfg = Release|Any CPU
		{1DFDB54F-8522-4804-92EB-7C7E403D3576}.Release|x86.Build.0 = Release|Any CPU
		{E89DB6F7-29B2-455D-B0AE-FB9E41F90B46}.Debug|Any CPU.ActiveCfg = Debug|Any CPU
		{E89DB6F7-29B2-455D-B0AE-FB9E41F90B46}.Debug|Any CPU.Build.0 = Debug|Any CPU
		{E89DB6F7-29B2-455D-B0AE-FB9E41F90B46}.Debug|x64.ActiveCfg = Debug|Any CPU
		{E89DB6F7-29B2-455D-B0AE-FB9E41F90B46}.Debug|x64.Build.0 = Debug|Any CPU
		{E89DB6F7-29B2-455D-B0AE-FB9E41F90B46}.Debug|x86.ActiveCfg = Debug|Any CPU
		{E89DB6F7-29B2-455D-B0AE-FB9E41F90B46}.Debug|x86.Build.0 = Debug|Any CPU
		{E89DB6F7-29B2-455D-B0AE-FB9E41F90B46}.Release|Any CPU.ActiveCfg = Release|Any CPU
		{E89DB6F7-29B2-455D-B0AE-FB9E41F90B46}.Release|Any CPU.Build.0 = Release|Any CPU
		{E89DB6F7-29B2-455D-B0AE-FB9E41F90B46}.Release|x64.ActiveCfg = Release|Any CPU
		{E89DB6F7-29B2-455D-B0AE-FB9E41F90B46}.Release|x64.Build.0 = Release|Any CPU
		{E89DB6F7-29B2-455D-B0AE-FB9E41F90B46}.Release|x86.ActiveCfg = Release|Any CPU
		{E89DB6F7-29B2-455D-B0AE-FB9E41F90B46}.Release|x86.Build.0 = Release|Any CPU
		{A7B8C9D0-E1F2-3456-789A-BCDEF0123456}.Debug|Any CPU.ActiveCfg = Debug|Any CPU
		{A7B8C9D0-E1F2-3456-789A-BCDEF0123456}.Debug|Any CPU.Build.0 = Debug|Any CPU
		{A7B8C9D0-E1F2-3456-789A-BCDEF0123456}.Debug|x64.ActiveCfg = Debug|Any CPU
		{A7B8C9D0-E1F2-3456-789A-BCDEF0123456}.Debug|x64.Build.0 = Debug|Any CPU
		{A7B8C9D0-E1F2-3456-789A-BCDEF0123456}.Debug|x86.ActiveCfg = Debug|Any CPU
		{A7B8C9D0-E1F2-3456-789A-BCDEF0123456}.Debug|x86.Build.0 = Debug|Any CPU
		{A7B8C9D0-E1F2-3456-789A-BCDEF0123456}.Release|Any CPU.ActiveCfg = Release|Any CPU
		{A7B8C9D0-E1F2-3456-789A-BCDEF0123456}.Release|Any CPU.Build.0 = Release|Any CPU
		{A7B8C9D0-E1F2-3456-789A-BCDEF0123456}.Release|x64.ActiveCfg = Release|Any CPU
		{A7B8C9D0-E1F2-3456-789A-BCDEF0123456}.Release|x64.Build.0 = Release|Any CPU
		{A7B8C9D0-E1F2-3456-789A-BCDEF0123456}.Release|x86.ActiveCfg = Release|Any CPU
		{A7B8C9D0-E1F2-3456-789A-BCDEF0123456}.Release|x86.Build.0 = Release|Any CPU
		{B8C9D0E1-F2A3-4567-89AB-CDEF01234567}.Debug|Any CPU.ActiveCfg = Debug|Any CPU
		{B8C9D0E1-F2A3-4567-89AB-CDEF01234567}.Debug|Any CPU.Build.0 = Debug|Any CPU
		{B8C9D0E1-F2A3-4567-89AB-CDEF01234567}.Debug|x64.ActiveCfg = Debug|Any CPU
		{B8C9D0E1-F2A3-4567-89AB-CDEF01234567}.Debug|x64.Build.0 = Debug|Any CPU
		{B8C9D0E1-F2A3-4567-89AB-CDEF01234567}.Debug|x86.ActiveCfg = Debug|Any CPU
		{B8C9D0E1-F2A3-4567-89AB-CDEF01234567}.Debug|x86.Build.0 = Debug|Any CPU
		{B8C9D0E1-F2A3-4567-89AB-CDEF01234567}.Release|Any CPU.ActiveCfg = Release|Any CPU
		{B8C9D0E1-F2A3-4567-89AB-CDEF01234567}.Release|Any CPU.Build.0 = Release|Any CPU
		{B8C9D0E1-F2A3-4567-89AB-CDEF01234567}.Release|x64.ActiveCfg = Release|Any CPU
		{B8C9D0E1-F2A3-4567-89AB-CDEF01234567}.Release|x64.Build.0 = Release|Any CPU
		{B8C9D0E1-F2A3-4567-89AB-CDEF01234567}.Release|x86.ActiveCfg = Release|Any CPU
		{B8C9D0E1-F2A3-4567-89AB-CDEF01234567}.Release|x86.Build.0 = Release|Any CPU
		{19DE628A-AB50-F558-4124-894C4EDAB123}.Debug|Any CPU.ActiveCfg = Debug|Any CPU
		{19DE628A-AB50-F558-4124-894C4EDAB123}.Debug|Any CPU.Build.0 = Debug|Any CPU
		{19DE628A-AB50-F558-4124-894C4EDAB123}.Debug|x64.ActiveCfg = Debug|Any CPU
		{19DE628A-AB50-F558-4124-894C4EDAB123}.Debug|x64.Build.0 = Debug|Any CPU
		{19DE628A-AB50-F558-4124-894C4EDAB123}.Debug|x86.ActiveCfg = Debug|Any CPU
		{19DE628A-AB50-F558-4124-894C4EDAB123}.Debug|x86.Build.0 = Debug|Any CPU
		{19DE628A-AB50-F558-4124-894C4EDAB123}.Release|Any CPU.ActiveCfg = Release|Any CPU
		{19DE628A-AB50-F558-4124-894C4EDAB123}.Release|Any CPU.Build.0 = Release|Any CPU
		{19DE628A-AB50-F558-4124-894C4EDAB123}.Release|x64.ActiveCfg = Release|Any CPU
		{19DE628A-AB50-F558-4124-894C4EDAB123}.Release|x64.Build.0 = Release|Any CPU
		{19DE628A-AB50-F558-4124-894C4EDAB123}.Release|x86.ActiveCfg = Release|Any CPU
		{19DE628A-AB50-F558-4124-894C4EDAB123}.Release|x86.Build.0 = Release|Any CPU
	EndGlobalSection
	GlobalSection(SolutionProperties) = preSolution
		HideSolutionNode = FALSE
	EndGlobalSection
	GlobalSection(NestedProjects) = preSolution
		{F1E3D5C7-B9A8-406F-B0A1-2C3D4E5F6789} = {A1B2C3D4-E5F6-7890-ABCD-EF1234567890}
		{028734B4-970F-C926-101D-2589A1414420} = {B0C1D2E3-F4A5-6789-0BCD-EF1234567890}
		{6595BD22-11FF-410F-9AAE-3B8440ED9D02} = {B0C1D2E3-F4A5-6789-0BCD-EF1234567890}
		{1DFDB54F-8522-4804-92EB-7C7E403D3576} = {B0C1D2E3-F4A5-6789-0BCD-EF1234567890}
		{E89DB6F7-29B2-455D-B0AE-FB9E41F90B46} = {B0C1D2E3-F4A5-6789-0BCD-EF1234567890}
		{A7B8C9D0-E1F2-3456-789A-BCDEF0123456} = {B0C1D2E3-F4A5-6789-0BCD-EF1234567890}
		{B8C9D0E1-F2A3-4567-89AB-CDEF01234567} = {B0C1D2E3-F4A5-6789-0BCD-EF1234567890}
		{19DE628A-AB50-F558-4124-894C4EDAB123} = {B0C1D2E3-F4A5-6789-0BCD-EF1234567890}
	EndGlobalSection
EndGlobal
