
Microsoft Visual Studio Solution File, Format Version 12.00
# Visual Studio Version 17
VisualStudioVersion = 17.0.31903.59
MinimumVisualStudioVersion = 10.0.40219.1
Project("{2150E333-8FDC-42A3-9474-1A3956D46DE8}") = "src", "src", "{827E0CD3-B72D-47B6-A68D-7590B98EB39B}"
EndProject
Project("{FAE04EC0-301F-11D3-BF4B-00C04F79EFBC}") = "SendGridSample", "src\SendGridSample\SendGridSample.csproj", "{0B718001-DD68-4B14-ADD6-07AC36DE194B}"
EndProject
Project("{2150E333-8FDC-42A3-9474-1A3956D46DE8}") = "framework", "framework", "{9A0CCAB9-4303-13B4-2371-F1B97FF5B728}"
EndProject
Project("{FAE04EC0-301F-11D3-BF4B-00C04F79EFBC}") = "Ratatosk.Abstractions", "..\..\src\Ratatosk.Abstractions\Ratatosk.Abstractions.csproj", "{FFD9DD46-244D-4104-A8D0-6931D3D9F8D2}"
EndProject
Project("{FAE04EC0-301F-11D3-BF4B-00C04F79EFBC}") = "Ratatosk.Connector.Abstractions", "..\..\src\Ratatosk.Connector.Abstractions\Ratatosk.Connector.Abstractions.csproj", "{3534B617-73AB-4052-B27C-62B1ED853A90}"
EndProject
Project("{FAE04EC0-301F-11D3-BF4B-00C04F79EFBC}") = "Ratatosk.Connectors", "..\..\src\Ratatosk.Connectors\Ratatosk.Connectors.csproj", "{CF0BB407-A950-4F21-94F2-D1B9F1C64952}"
EndProject
Project("{FAE04EC0-301F-11D3-BF4B-00C04F79EFBC}") = "Ratatosk", "..\..\src\Ratatosk\Ratatosk.csproj", "{090E2C71-C183-4C15-80E0-1B7A2CCCAC4E}"
EndProject
Project("{FAE04EC0-301F-11D3-BF4B-00C04F79EFBC}") = "Ratatosk.Connector.Sendgrid", "..\..\src\Ratatosk.Sendgrid\Ratatosk.Sendgrid.csproj", "{483FC251-FD01-440B-AEE5-65CD4F2B5F97}"
EndProject
Global
	GlobalSection(SolutionConfigurationPlatforms) = preSolution
		Debug|Any CPU = Debug|Any CPU
		Debug|x64 = Debug|x64
		Debug|x86 = Debug|x86
		Release|Any CPU = Release|Any CPU
		Release|x64 = Release|x64
		Release|x86 = Release|x86
	EndGlobalSection
	GlobalSection(ProjectConfigurationPlatforms) = postSolution
		{0B718001-DD68-4B14-ADD6-07AC36DE194B}.Debug|Any CPU.ActiveCfg = Debug|Any CPU
		{0B718001-DD68-4B14-ADD6-07AC36DE194B}.Debug|Any CPU.Build.0 = Debug|Any CPU
		{0B718001-DD68-4B14-ADD6-07AC36DE194B}.Debug|x64.ActiveCfg = Debug|Any CPU
		{0B718001-DD68-4B14-ADD6-07AC36DE194B}.Debug|x64.Build.0 = Debug|Any CPU
		{0B718001-DD68-4B14-ADD6-07AC36DE194B}.Debug|x86.ActiveCfg = Debug|Any CPU
		{0B718001-DD68-4B14-ADD6-07AC36DE194B}.Debug|x86.Build.0 = Debug|Any CPU
		{0B718001-DD68-4B14-ADD6-07AC36DE194B}.Release|Any CPU.ActiveCfg = Release|Any CPU
		{0B718001-DD68-4B14-ADD6-07AC36DE194B}.Release|Any CPU.Build.0 = Release|Any CPU
		{0B718001-DD68-4B14-ADD6-07AC36DE194B}.Release|x64.ActiveCfg = Release|Any CPU
		{0B718001-DD68-4B14-ADD6-07AC36DE194B}.Release|x64.Build.0 = Release|Any CPU
		{0B718001-DD68-4B14-ADD6-07AC36DE194B}.Release|x86.ActiveCfg = Release|Any CPU
		{0B718001-DD68-4B14-ADD6-07AC36DE194B}.Release|x86.Build.0 = Release|Any CPU
		{FFD9DD46-244D-4104-A8D0-6931D3D9F8D2}.Debug|Any CPU.ActiveCfg = Debug|Any CPU
		{FFD9DD46-244D-4104-A8D0-6931D3D9F8D2}.Debug|Any CPU.Build.0 = Debug|Any CPU
		{FFD9DD46-244D-4104-A8D0-6931D3D9F8D2}.Debug|x64.ActiveCfg = Debug|Any CPU
		{FFD9DD46-244D-4104-A8D0-6931D3D9F8D2}.Debug|x64.Build.0 = Debug|Any CPU
		{FFD9DD46-244D-4104-A8D0-6931D3D9F8D2}.Debug|x86.ActiveCfg = Debug|Any CPU
		{FFD9DD46-244D-4104-A8D0-6931D3D9F8D2}.Debug|x86.Build.0 = Debug|Any CPU
		{FFD9DD46-244D-4104-A8D0-6931D3D9F8D2}.Release|Any CPU.ActiveCfg = Release|Any CPU
		{FFD9DD46-244D-4104-A8D0-6931D3D9F8D2}.Release|Any CPU.Build.0 = Release|Any CPU
		{FFD9DD46-244D-4104-A8D0-6931D3D9F8D2}.Release|x64.ActiveCfg = Release|Any CPU
		{FFD9DD46-244D-4104-A8D0-6931D3D9F8D2}.Release|x64.Build.0 = Release|Any CPU
		{FFD9DD46-244D-4104-A8D0-6931D3D9F8D2}.Release|x86.ActiveCfg = Release|Any CPU
		{FFD9DD46-244D-4104-A8D0-6931D3D9F8D2}.Release|x86.Build.0 = Release|Any CPU
		{3534B617-73AB-4052-B27C-62B1ED853A90}.Debug|Any CPU.ActiveCfg = Debug|Any CPU
		{3534B617-73AB-4052-B27C-62B1ED853A90}.Debug|Any CPU.Build.0 = Debug|Any CPU
		{3534B617-73AB-4052-B27C-62B1ED853A90}.Debug|x64.ActiveCfg = Debug|Any CPU
		{3534B617-73AB-4052-B27C-62B1ED853A90}.Debug|x64.Build.0 = Debug|Any CPU
		{3534B617-73AB-4052-B27C-62B1ED853A90}.Debug|x86.ActiveCfg = Debug|Any CPU
		{3534B617-73AB-4052-B27C-62B1ED853A90}.Debug|x86.Build.0 = Debug|Any CPU
		{3534B617-73AB-4052-B27C-62B1ED853A90}.Release|Any CPU.ActiveCfg = Release|Any CPU
		{3534B617-73AB-4052-B27C-62B1ED853A90}.Release|Any CPU.Build.0 = Release|Any CPU
		{3534B617-73AB-4052-B27C-62B1ED853A90}.Release|x64.ActiveCfg = Release|Any CPU
		{3534B617-73AB-4052-B27C-62B1ED853A90}.Release|x64.Build.0 = Release|Any CPU
		{3534B617-73AB-4052-B27C-62B1ED853A90}.Release|x86.ActiveCfg = Release|Any CPU
		{3534B617-73AB-4052-B27C-62B1ED853A90}.Release|x86.Build.0 = Release|Any CPU
		{CF0BB407-A950-4F21-94F2-D1B9F1C64952}.Debug|Any CPU.ActiveCfg = Debug|Any CPU
		{CF0BB407-A950-4F21-94F2-D1B9F1C64952}.Debug|Any CPU.Build.0 = Debug|Any CPU
		{CF0BB407-A950-4F21-94F2-D1B9F1C64952}.Debug|x64.ActiveCfg = Debug|Any CPU
		{CF0BB407-A950-4F21-94F2-D1B9F1C64952}.Debug|x64.Build.0 = Debug|Any CPU
		{CF0BB407-A950-4F21-94F2-D1B9F1C64952}.Debug|x86.ActiveCfg = Debug|Any CPU
		{CF0BB407-A950-4F21-94F2-D1B9F1C64952}.Debug|x86.Build.0 = Debug|Any CPU
		{CF0BB407-A950-4F21-94F2-D1B9F1C64952}.Release|Any CPU.ActiveCfg = Release|Any CPU
		{CF0BB407-A950-4F21-94F2-D1B9F1C64952}.Release|Any CPU.Build.0 = Release|Any CPU
		{CF0BB407-A950-4F21-94F2-D1B9F1C64952}.Release|x64.ActiveCfg = Release|Any CPU
		{CF0BB407-A950-4F21-94F2-D1B9F1C64952}.Release|x64.Build.0 = Release|Any CPU
		{CF0BB407-A950-4F21-94F2-D1B9F1C64952}.Release|x86.ActiveCfg = Release|Any CPU
		{CF0BB407-A950-4F21-94F2-D1B9F1C64952}.Release|x86.Build.0 = Release|Any CPU
		{090E2C71-C183-4C15-80E0-1B7A2CCCAC4E}.Debug|Any CPU.ActiveCfg = Debug|Any CPU
		{090E2C71-C183-4C15-80E0-1B7A2CCCAC4E}.Debug|Any CPU.Build.0 = Debug|Any CPU
		{090E2C71-C183-4C15-80E0-1B7A2CCCAC4E}.Debug|x64.ActiveCfg = Debug|Any CPU
		{090E2C71-C183-4C15-80E0-1B7A2CCCAC4E}.Debug|x64.Build.0 = Debug|Any CPU
		{090E2C71-C183-4C15-80E0-1B7A2CCCAC4E}.Debug|x86.ActiveCfg = Debug|Any CPU
		{090E2C71-C183-4C15-80E0-1B7A2CCCAC4E}.Debug|x86.Build.0 = Debug|Any CPU
		{090E2C71-C183-4C15-80E0-1B7A2CCCAC4E}.Release|Any CPU.ActiveCfg = Release|Any CPU
		{090E2C71-C183-4C15-80E0-1B7A2CCCAC4E}.Release|Any CPU.Build.0 = Release|Any CPU
		{090E2C71-C183-4C15-80E0-1B7A2CCCAC4E}.Release|x64.ActiveCfg = Release|Any CPU
		{090E2C71-C183-4C15-80E0-1B7A2CCCAC4E}.Release|x64.Build.0 = Release|Any CPU
		{090E2C71-C183-4C15-80E0-1B7A2CCCAC4E}.Release|x86.ActiveCfg = Release|Any CPU
		{090E2C71-C183-4C15-80E0-1B7A2CCCAC4E}.Release|x86.Build.0 = Release|Any CPU
		{483FC251-FD01-440B-AEE5-65CD4F2B5F97}.Debug|Any CPU.ActiveCfg = Debug|Any CPU
		{483FC251-FD01-440B-AEE5-65CD4F2B5F97}.Debug|Any CPU.Build.0 = Debug|Any CPU
		{483FC251-FD01-440B-AEE5-65CD4F2B5F97}.Debug|x64.ActiveCfg = Debug|Any CPU
		{483FC251-FD01-440B-AEE5-65CD4F2B5F97}.Debug|x64.Build.0 = Debug|Any CPU
		{483FC251-FD01-440B-AEE5-65CD4F2B5F97}.Debug|x86.ActiveCfg = Debug|Any CPU
		{483FC251-FD01-440B-AEE5-65CD4F2B5F97}.Debug|x86.Build.0 = Debug|Any CPU
		{483FC251-FD01-440B-AEE5-65CD4F2B5F97}.Release|Any CPU.ActiveCfg = Release|Any CPU
		{483FC251-FD01-440B-AEE5-65CD4F2B5F97}.Release|Any CPU.Build.0 = Release|Any CPU
		{483FC251-FD01-440B-AEE5-65CD4F2B5F97}.Release|x64.ActiveCfg = Release|Any CPU
		{483FC251-FD01-440B-AEE5-65CD4F2B5F97}.Release|x64.Build.0 = Release|Any CPU
		{483FC251-FD01-440B-AEE5-65CD4F2B5F97}.Release|x86.ActiveCfg = Release|Any CPU
		{483FC251-FD01-440B-AEE5-65CD4F2B5F97}.Release|x86.Build.0 = Release|Any CPU
	EndGlobalSection
	GlobalSection(SolutionProperties) = preSolution
		HideSolutionNode = FALSE
	EndGlobalSection
	GlobalSection(NestedProjects) = preSolution
		{0B718001-DD68-4B14-ADD6-07AC36DE194B} = {827E0CD3-B72D-47B6-A68D-7590B98EB39B}
		{FFD9DD46-244D-4104-A8D0-6931D3D9F8D2} = {9A0CCAB9-4303-13B4-2371-F1B97FF5B728}
		{3534B617-73AB-4052-B27C-62B1ED853A90} = {9A0CCAB9-4303-13B4-2371-F1B97FF5B728}
		{CF0BB407-A950-4F21-94F2-D1B9F1C64952} = {9A0CCAB9-4303-13B4-2371-F1B97FF5B728}
		{090E2C71-C183-4C15-80E0-1B7A2CCCAC4E} = {9A0CCAB9-4303-13B4-2371-F1B97FF5B728}
		{483FC251-FD01-440B-AEE5-65CD4F2B5F97} = {9A0CCAB9-4303-13B4-2371-F1B97FF5B728}
	EndGlobalSection
EndGlobal
